// !$*UTF8*$!
{
	archiveVersion = 1;
	classes = {
	};
	objectVersion = 77;
	objects = {

/* Begin PBXContainerItemProxy section */
		ABBC08912EBCE85D006B769B /* PBXContainerItemProxy */ = {
			isa = PBXContainerItemProxy;
			containerPortal = ABBC08782EBCE85B006B769B /* Project object */;
			proxyType = 1;
			remoteGlobalIDString = ABBC087F2EBCE85B006B769B;
			remoteInfo = UberSwiftUIClone;
		};
		ABBC089B2EBCE85D006B769B /* PBXContainerItemProxy */ = {
			isa = PBXContainerItemProxy;
			containerPortal = ABBC08782EBCE85B006B769B /* Project object */;
			proxyType = 1;
			remoteGlobalIDString = ABBC087F2EBCE85B006B769B;
			remoteInfo = UberSwiftUIClone;
		};
/* End PBXContainerItemProxy section */

/* Begin PBXFileReference section */
		ABBC08802EBCE85B006B769B /* UberSwiftUIClone.app */ = {isa = PBXFileReference; explicitFileType = wrapper.application; includeInIndex = 0; path = UberSwiftUIClone.app; sourceTree = BUILT_PRODUCTS_DIR; };
		ABBC08902EBCE85D006B769B /* UberSwiftUICloneTests.xctest */ = {isa = PBXFileReference; explicitFileType = wrapper.cfbundle; includeInIndex = 0; path = UberSwiftUICloneTests.xctest; sourceTree = BUILT_PRODUCTS_DIR; };
		ABBC089A2EBCE85D006B769B /* UberSwiftUICloneUITests.xctest */ = {isa = PBXFileReference; explicitFileType = wrapper.cfbundle; includeInIndex = 0; path = UberSwiftUICloneUITests.xctest; sourceTree = BUILT_PRODUCTS_DIR; };
/* End PBXFileReference section */

/* Begin PBXFileSystemSynchronizedRootGroup section */
		ABBC08822EBCE85B006B769B /* UberSwiftUIClone */ = {
			isa = PBXFileSystemSynchronizedRootGroup;
			path = UberSwiftUIClone;
			sourceTree = "<group>";
		};
		ABBC08932EBCE85D006B769B /* UberSwiftUICloneTests */ = {
			isa = PBXFileSystemSynchronizedRootGroup;
			path = UberSwiftUICloneTests;
			sourceTree = "<group>";
		};
		ABBC089D2EBCE85D006B769B /* UberSwiftUICloneUITests */ = {
			isa = PBXFileSystemSynchronizedRootGroup;
			path = UberSwiftUICloneUITests;
			sourceTree = "<group>";
		};
/* End PBXFileSystemSynchronizedRootGroup section */

/* Begin PBXFrameworksBuildPhase section */
		ABBC087D2EBCE85B006B769B /* Frameworks */ = {
			isa = PBXFrameworksBuildPhase;
			buildActionMask = 2147483647;
			files = (
			);
			runOnlyForDeploymentPostprocessing = 0;
		};
		ABBC088D2EBCE85D006B769B /* Frameworks */ = {
			isa = PBXFrameworksBuildPhase;
			buildActionMask = 2147483647;
			files = (
			);
			runOnlyForDeploymentPostprocessing = 0;
		};
		ABBC08972EBCE85D006B769B /* Frameworks */ = {
			isa = PBXFrameworksBuildPhase;
			buildActionMask = 2147483647;
			files = (
			);
			runOnlyForDeploymentPostprocessing = 0;
		};
/* End PBXFrameworksBuildPhase section */

/* Begin PBXGroup section */
		ABBC08772EBCE85B006B769B = {
			isa = PBXGroup;
			children = (
				ABBC08822EBCE85B006B769B /* UberSwiftUIClone */,
				ABBC08932EBCE85D006B769B /* UberSwiftUICloneTests */,
				ABBC089D2EBCE85D006B769B /* UberSwiftUICloneUITests */,
				ABBC08812EBCE85B006B769B /* Products */,
			);
			sourceTree = "<group>";
		};
		ABBC08812EBCE85B006B769B /* Products */ = {
			isa = PBXGroup;
			children = (
				ABBC08802EBCE85B006B769B /* UberSwiftUIClone.app */,
				ABBC08902EBCE85D006B769B /* UberSwiftUICloneTests.xctest */,
				ABBC089A2EBCE85D006B769B /* UberSwiftUICloneUITests.xctest */,
			);
			name = Products;
			sourceTree = "<group>";
		};
/* End PBXGroup section */

/* Begin PBXNativeTarget section */
		ABBC087F2EBCE85B006B769B /* UberSwiftUIClone */ = {
			isa = PBXNativeTarget;
			buildConfigurationList = ABBC08A42EBCE85D006B769B /* Build configuration list for PBXNativeTarget "UberSwiftUIClone" */;
			buildPhases = (
				ABBC087C2EBCE85B006B769B /* Sources */,
				ABBC087D2EBCE85B006B769B /* Frameworks */,
				ABBC087E2EBCE85B006B769B /* Resources */,
			);
			buildRules = (
			);
			dependencies = (
			);
			fileSystemSynchronizedGroups = (
				ABBC08822EBCE85B006B769B /* UberSwiftUIClone */,
			);
			name = UberSwiftUIClone;
			packageProductDependencies = (
			);
			productName = UberSwiftUIClone;
			productReference = ABBC08802EBCE85B006B769B /* UberSwiftUIClone.app */;
			productType = "com.apple.product-type.application";
		};
		ABBC088F2EBCE85D006B769B /* UberSwiftUICloneTests */ = {
			isa = PBXNativeTarget;
			buildConfigurationList = ABBC08A72EBCE85D006B769B /* Build configuration list for PBXNativeTarget "UberSwiftUICloneTests" */;
			buildPhases = (
				ABBC088C2EBCE85D006B769B /* Sources */,
				ABBC088D2EBCE85D006B769B /* Frameworks */,
				ABBC088E2EBCE85D006B769B /* Resources */,
			);
			buildRules = (
			);
			dependencies = (
				ABBC08922EBCE85D006B769B /* PBXTargetDependency */,
			);
			fileSystemSynchronizedGroups = (
				ABBC08932EBCE85D006B769B /* UberSwiftUICloneTests */,
			);
			name = UberSwiftUICloneTests;
			packageProductDependencies = (
			);
			productName = UberSwiftUICloneTests;
			productReference = ABBC08902EBCE85D006B769B /* UberSwiftUICloneTests.xctest */;
			productType = "com.apple.product-type.bundle.unit-test";
		};
		ABBC08992EBCE85D006B769B /* UberSwiftUICloneUITests */ = {
			isa = PBXNativeTarget;
			buildConfigurationList = ABBC08AA2EBCE85D006B769B /* Build configuration list for PBXNativeTarget "UberSwiftUICloneUITests" */;
			buildPhases = (
				ABBC08962EBCE85D006B769B /* Sources */,
				ABBC08972EBCE85D006B769B /* Frameworks */,
				ABBC08982EBCE85D006B769B /* Resources */,
			);
			buildRules = (
			);
			dependencies = (
				ABBC089C2EBCE85D006B769B /* PBXTargetDependency */,
			);
			fileSystemSynchronizedGroups = (
				ABBC089D2EBCE85D006B769B /* UberSwiftUICloneUITests */,
			);
			name = UberSwiftUICloneUITests;
			packageProductDependencies = (
			);
			productName = UberSwiftUICloneUITests;
			productReference = ABBC089A2EBCE85D006B769B /* UberSwiftUICloneUITests.xctest */;
			productType = "com.apple.product-type.bundle.ui-testing";
		};
/* End PBXNativeTarget section */

/* Begin PBXProject section */
		ABBC08782EBCE85B006B769B /* Project object */ = {
			isa = PBXProject;
			attributes = {
				BuildIndependentTargetsInParallel = 1;
				LastSwiftUpdateCheck = 1620;
				LastUpgradeCheck = 1620;
				TargetAttributes = {
					ABBC087F2EBCE85B006B769B = {
						CreatedOnToolsVersion = 16.2;
					};
					ABBC088F2EBCE85D006B769B = {
						CreatedOnToolsVersion = 16.2;
						TestTargetID = ABBC087F2EBCE85B006B769B;
					};
					ABBC08992EBCE85D006B769B = {
						CreatedOnToolsVersion = 16.2;
						TestTargetID = ABBC087F2EBCE85B006B769B;
					};
				};
			};
			buildConfigurationList = ABBC087B2EBCE85B006B769B /* Build configuration list for PBXProject "UberSwiftUIClone" */;
			developmentRegion = en;
			hasScannedForEncodings = 0;
			knownRegions = (
				en,
				Base,
			);
			mainGroup = ABBC08772EBCE85B006B769B;
			minimizedProjectReferenceProxies = 1;
			preferredProjectObjectVersion = 77;
			productRefGroup = ABBC08812EBCE85B006B769B /* Products */;
			projectDirPath = "";
			projectRoot = "";
			targets = (
				ABBC087F2EBCE85B006B769B /* UberSwiftUIClone */,
				ABBC088F2EBCE85D006B769B /* UberSwiftUICloneTests */,
				ABBC08992EBCE85D006B769B /* UberSwiftUICloneUITests */,
			);
		};
/* End PBXProject section */

/* Begin PBXResourcesBuildPhase section */
		ABBC087E2EBCE85B006B769B /* Resources */ = {
			isa = PBXResourcesBuildPhase;
			buildActionMask = 2147483647;
			files = (
			);
			runOnlyForDeploymentPostprocessing = 0;
		};
		ABBC088E2EBCE85D006B769B /* Resources */ = {
			isa = PBXResourcesBuildPhase;
			buildActionMask = 2147483647;
			files = (
			);
			runOnlyForDeploymentPostprocessing = 0;
		};
		ABBC08982EBCE85D006B769B /* Resources */ = {
			isa = PBXResourcesBuildPhase;
			buildActionMask = 2147483647;
			files = (
			);
			runOnlyForDeploymentPostprocessing = 0;
		};
/* End PBXResourcesBuildPhase section */

/* Begin PBXSourcesBuildPhase section */
		ABBC087C2EBCE85B006B769B /* Sources */ = {
			isa = PBXSourcesBuildPhase;
			buildActionMask = 2147483647;
			files = (
			);
			runOnlyForDeploymentPostprocessing = 0;
		};
		ABBC088C2EBCE85D006B769B /* Sources */ = {
			isa = PBXSourcesBuildPhase;
			buildActionMask = 2147483647;
			files = (
			);
			runOnlyForDeploymentPostprocessing = 0;
		};
		ABBC08962EBCE85D006B769B /* Sources */ = {
			isa = PBXSourcesBuildPhase;
			buildActionMask = 2147483647;
			files = (
			);
			runOnlyForDeploymentPostprocessing = 0;
		};
/* End PBXSourcesBuildPhase section */

/* Begin PBXTargetDependency section */
		ABBC08922EBCE85D006B769B /* PBXTargetDependency */ = {
			isa = PBXTargetDependency;
			target = ABBC087F2EBCE85B006B769B /* UberSwiftUIClone */;
			targetProxy = ABBC08912EBCE85D006B769B /* PBXContainerItemProxy */;
		};
		ABBC089C2EBCE85D006B769B /* PBXTargetDependency */ = {
			isa = PBXTargetDependency;
			target = ABBC087F2EBCE85B006B769B /* UberSwiftUIClone */;
			targetProxy = ABBC089B2EBCE85D006B769B /* PBXContainerItemProxy */;
		};
/* End PBXTargetDependency section */

/* Begin XCBuildConfiguration section */
		ABBC08A22EBCE85D006B769B /* Debug */ = {
			isa = XCBuildConfiguration;
			buildSettings = {
				ALWAYS_SEARCH_USER_PATHS = NO;
				ASSETCATALOG_COMPILER_GENERATE_SWIFT_ASSET_SYMBOL_EXTENSIONS = YES;
				CLANG_ANALYZER_NONNULL = YES;
				CLANG_ANALYZER_NUMBER_OBJECT_CONVERSION = YES_AGGRESSIVE;
				CLANG_CXX_LANGUAGE_STANDARD = "gnu++20";
				CLANG_ENABLE_MODULES = YES;
				CLANG_ENABLE_OBJC_ARC = YES;
				CLANG_ENABLE_OBJC_WEAK = YES;
				CLANG_WARN_BLOCK_CAPTURE_AUTORELEASING = YES;
				CLANG_WARN_BOOL_CONVERSION = YES;
				CLANG_WARN_COMMA = YES;
				CLANG_WARN_CONSTANT_CONVERSION = YES;
				CLANG_WARN_DEPRECATED_OBJC_IMPLEMENTATIONS = YES;
				CLANG_WARN_DIRECT_OBJC_ISA_USAGE = YES_ERROR;
				CLANG_WARN_DOCUMENTATION_COMMENTS = YES;
				CLANG_WARN_EMPTY_BODY = YES;
				CLANG_WARN_ENUM_CONVERSION = YES;
				CLANG_WARN_INFINITE_RECURSION = YES;
				CLANG_WARN_INT_CONVERSION = YES;
				CLANG_WARN_NON_LITERAL_NULL_CONVERSION = YES;
				CLANG_WARN_OBJC_IMPLICIT_RETAIN_SELF = YES;
				CLANG_WARN_OBJC_LITERAL_CONVERSION = YES;
				CLANG_WARN_OBJC_ROOT_CLASS = YES_ERROR;
				CLANG_WARN_QUOTED_INCLUDE_IN_FRAMEWORK_HEADER = YES;
				CLANG_WARN_RANGE_LOOP_ANALYSIS = YES;
				CLANG_WARN_STRICT_PROTOTYPES = YES;
				CLANG_WARN_SUSPICIOUS_MOVE = YES;
				CLANG_WARN_UNGUARDED_AVAILABILITY = YES_AGGRESSIVE;
				CLANG_WARN_UNREACHABLE_CODE = YES;
				CLANG_WARN__DUPLICATE_METHOD_MATCH = YES;
				COPY_PHASE_STRIP = NO;
				DEBUG_INFORMATION_FORMAT = dwarf;
				ENABLE_STRICT_OBJC_MSGSEND = YES;
				ENABLE_TESTABILITY = YES;
				ENABLE_USER_SCRIPT_SANDBOXING = YES;
				GCC_C_LANGUAGE_STANDARD = gnu17;
				GCC_DYNAMIC_NO_PIC = NO;
				GCC_NO_COMMON_BLOCKS = YES;
				GCC_OPTIMIZATION_LEVEL = 0;
				GCC_PREPROCESSOR_DEFINITIONS = (
					"DEBUG=1",
					"$(inherited)",
				);
				GCC_WARN_64_TO_32_BIT_CONVERSION = YES;
				GCC_WARN_ABOUT_RETURN_TYPE = YES_ERROR;
				GCC_WARN_UNDECLARED_SELECTOR = YES;
				GCC_WARN_UNINITIALIZED_AUTOS = YES_AGGRESSIVE;
				GCC_WARN_UNUSED_FUNCTION = YES;
				GCC_WARN_UNUSED_VARIABLE = YES;
				IPHONEOS_DEPLOYMENT_TARGET = 18.2;
				LOCALIZATION_PREFERS_STRING_CATALOGS = YES;
				MTL_ENABLE_DEBUG_INFO = INCLUDE_SOURCE;
				MTL_FAST_MATH = YES;
				ONLY_ACTIVE_ARCH = YES;
				SDKROOT = iphoneos;
				SWIFT_ACTIVE_COMPILATION_CONDITIONS = "DEBUG $(inherited)";
				SWIFT_OPTIMIZATION_LEVEL = "-Onone";
			};
			name = Debug;
		};
		ABBC08A32EBCE85D006B769B /* Release */ = {
			isa = XCBuildConfiguration;
			buildSettings = {
				ALWAYS_SEARCH_USER_PATHS = NO;
				ASSETCATALOG_COMPILER_GENERATE_SWIFT_ASSET_SYMBOL_EXTENSIONS = YES;
				CLANG_ANALYZER_NONNULL = YES;
				CLANG_ANALYZER_NUMBER_OBJECT_CONVERSION = YES_AGGRESSIVE;
				CLANG_CXX_LANGUAGE_STANDARD = "gnu++20";
				CLANG_ENABLE_MODULES = YES;
				CLANG_ENABLE_OBJC_ARC = YES;
				CLANG_ENABLE_OBJC_WEAK = YES;
				CLANG_WARN_BLOCK_CAPTURE_AUTORELEASING = YES;
				CLANG_WARN_BOOL_CONVERSION = YES;
				CLANG_WARN_COMMA = YES;
				CLANG_WARN_CONSTANT_CONVERSION = YES;
				CLANG_WARN_DEPRECATED_OBJC_IMPLEMENTATIONS = YES;
				CLANG_WARN_DIRECT_OBJC_ISA_USAGE = YES_ERROR;
				CLANG_WARN_DOCUMENTATION_COMMENTS = YES;
				CLANG_WARN_EMPTY_BODY = YES;
				CLANG_WARN_ENUM_CONVERSION = YES;
				CLANG_WARN_INFINITE_RECURSION = YES;
				CLANG_WARN_INT_CONVERSION = YES;
				CLANG_WARN_NON_LITERAL_NULL_CONVERSION = YES;
				CLANG_WARN_OBJC_IMPLICIT_RETAIN_SELF = YES;
				CLANG_WARN_OBJC_LITERAL_CONVERSION = YES;
				CLANG_WARN_OBJC_ROOT_CLASS = YES_ERROR;
				CLANG_WARN_QUOTED_INCLUDE_IN_FRAMEWORK_HEADER = YES;
				CLANG_WARN_RANGE_LOOP_ANALYSIS = YES;
				CLANG_WARN_STRICT_PROTOTYPES = YES;
				CLANG_WARN_SUSPICIOUS_MOVE = YES;
				CLANG_WARN_UNGUARDED_AVAILABILITY = YES_AGGRESSIVE;
				CLANG_WARN_UNREACHABLE_CODE = YES;
				CLANG_WARN__DUPLICATE_METHOD_MATCH = YES;
				COPY_PHASE_STRIP = NO;
				DEBUG_INFORMATION_FORMAT = "dwarf-with-dsym";
				ENABLE_NS_ASSERTIONS = NO;
				ENABLE_STRICT_OBJC_MSGSEND = YES;
				ENABLE_USER_SCRIPT_SANDBOXING = YES;
				GCC_C_LANGUAGE_STANDARD = gnu17;
				GCC_NO_COMMON_BLOCKS = YES;
				GCC_WARN_64_TO_32_BIT_CONVERSION = YES;
				GCC_WARN_ABOUT_RETURN_TYPE = YES_ERROR;
				GCC_WARN_UNDECLARED_SELECTOR = YES;
				GCC_WARN_UNINITIALIZED_AUTOS = YES_AGGRESSIVE;
				GCC_WARN_UNUSED_FUNCTION = YES;
				GCC_WARN_UNUSED_VARIABLE = YES;
				IPHONEOS_DEPLOYMENT_TARGET = 18.2;
				LOCALIZATION_PREFERS_STRING_CATALOGS = YES;
				MTL_ENABLE_DEBUG_INFO = NO;
				MTL_FAST_MATH = YES;
				SDKROOT = iphoneos;
				SWIFT_COMPILATION_MODE = wholemodule;
				VALIDATE_PRODUCT = YES;
			};
			name = Release;
		};
		ABBC08A52EBCE85D006B769B /* Debug */ = {
			isa = XCBuildConfiguration;
			buildSettings = {
				ASSETCATALOG_COMPILER_APPICON_NAME = AppIcon;
				ASSETCATALOG_COMPILER_GLOBAL_ACCENT_COLOR_NAME = AccentColor;
				CODE_SIGN_STYLE = Automatic;
				CURRENT_PROJECT_VERSION = 1;
				DEVELOPMENT_ASSET_PATHS = "\"UberSwiftUIClone/Preview Content\"";
				DEVELOPMENT_TEAM = YFWL4NVW8K;
				ENABLE_PREVIEWS = YES;
				GENERATE_INFOPLIST_FILE = YES;
				INFOPLIST_KEY_UIApplicationSceneManifest_Generation = YES;
				INFOPLIST_KEY_UIApplicationSupportsIndirectInputEvents = YES;
				INFOPLIST_KEY_UILaunchScreen_Generation = YES;
				INFOPLIST_KEY_UISupportedInterfaceOrientations_iPad = "UIInterfaceOrientationPortrait UIInterfaceOrientationPortraitUpsideDown UIInterfaceOrientationLandscapeLeft UIInterfaceOrientationLandscapeRight";
				INFOPLIST_KEY_UISupportedInterfaceOrientations_iPhone = "UIInterfaceOrientationPortrait UIInterfaceOrientationLandscapeLeft UIInterfaceOrientationLandscapeRight";
				LD_RUNPATH_SEARCH_PATHS = (
					"$(inherited)",
					"@executable_path/Frameworks",
				);
				MARKETING_VERSION = 1.0;
				PRODUCT_BUNDLE_IDENTIFIER = flarevix.UberSwiftUIClone;
				PRODUCT_NAME = "$(TARGET_NAME)";
				SWIFT_EMIT_LOC_STRINGS = YES;
				SWIFT_VERSION = 5.0;
				TARGETED_DEVICE_FAMILY = "1,2";
			};
			name = Debug;
		};
		ABBC08A62EBCE85D006B769B /* Release */ = {
			isa = XCBuildConfiguration;
			buildSettings = {
				ASSETCATALOG_COMPILER_APPICON_NAME = AppIcon;
				ASSETCATALOG_COMPILER_GLOBAL_ACCENT_COLOR_NAME = AccentColor;
				CODE_SIGN_STYLE = Automatic;
				CURRENT_PROJECT_VERSION = 1;
				DEVELOPMENT_ASSET_PATHS = "\"UberSwiftUIClone/Preview Content\"";
				DEVELOPMENT_TEAM = YFWL4NVW8K;
				ENABLE_PREVIEWS = YES;
				GENERATE_INFOPLIST_FILE = YES;
				INFOPLIST_KEY_UIApplicationSceneManifest_Generation = YES;
				INFOPLIST_KEY_UIApplicationSupportsIndirectInputEvents = YES;
				INFOPLIST_KEY_UILaunchScreen_Generation = YES;
				INFOPLIST_KEY_UISupportedInterfaceOrientations_iPad = "UIInterfaceOrientationPortrait UIInterfaceOrientationPortraitUpsideDown UIInterfaceOrientationLandscapeLeft UIInterfaceOrientationLandscapeRight";
				INFOPLIST_KEY_UISupportedInterfaceOrientations_iPhone = "UIInterfaceOrientationPortrait UIInterfaceOrientationLandscapeLeft UIInterfaceOrientationLandscapeRight";
				LD_RUNPATH_SEARCH_PATHS = (
					"$(inherited)",
					"@executable_path/Frameworks",
				);
				MARKETING_VERSION = 1.0;
				PRODUCT_BUNDLE_IDENTIFIER = flarevix.UberSwiftUIClone;
				PRODUCT_NAME = "$(TARGET_NAME)";
				SWIFT_EMIT_LOC_STRINGS = YES;
				SWIFT_VERSION = 5.0;
				TARGETED_DEVICE_FAMILY = "1,2";
			};
			name = Release;
		};
		ABBC08A82EBCE85D006B769B /* Debug */ = {
			isa = XCBuildConfiguration;
			buildSettings = {
				BUNDLE_LOADER = "$(TEST_HOST)";
				CODE_SIGN_STYLE = Automatic;
				CURRENT_PROJECT_VERSION = 1;
				DEVELOPMENT_TEAM = YFWL4NVW8K;
				GENERATE_INFOPLIST_FILE = YES;
				IPHONEOS_DEPLOYMENT_TARGET = 18.2;
				MARKETING_VERSION = 1.0;
				PRODUCT_BUNDLE_IDENTIFIER = flarevix.UberSwiftUICloneTests;
				PRODUCT_NAME = "$(TARGET_NAME)";
				SWIFT_EMIT_LOC_STRINGS = NO;
				SWIFT_VERSION = 5.0;
				TARGETED_DEVICE_FAMILY = "1,2";
				TEST_HOST = "$(BUILT_PRODUCTS_DIR)/UberSwiftUIClone.app/$(BUNDLE_EXECUTABLE_FOLDER_PATH)/UberSwiftUIClone";
			};
			name = Debug;
		};
		ABBC08A92EBCE85D006B769B /* Release */ = {
			isa = XCBuildConfiguration;
			buildSettings = {
				BUNDLE_LOADER = "$(TEST_HOST)";
				CODE_SIGN_STYLE = Automatic;
				CURRENT_PROJECT_VERSION = 1;
				DEVELOPMENT_TEAM = YFWL4NVW8K;
				GENERATE_INFOPLIST_FILE = YES;
				IPHONEOS_DEPLOYMENT_TARGET = 18.2;
				MARKETING_VERSION = 1.0;
				PRODUCT_BUNDLE_IDENTIFIER = flarevix.UberSwiftUICloneTests;
				PRODUCT_NAME = "$(TARGET_NAME)";
				SWIFT_EMIT_LOC_STRINGS = NO;
				SWIFT_VERSION = 5.0;
				TARGETED_DEVICE_FAMILY = "1,2";
				TEST_HOST = "$(BUILT_PRODUCTS_DIR)/UberSwiftUIClone.app/$(BUNDLE_EXECUTABLE_FOLDER_PATH)/UberSwiftUIClone";
			};
			name = Release;
		};
		ABBC08AB2EBCE85D006B769B /* Debug */ = {
			isa = XCBuildConfiguration;
			buildSettings = {
				CODE_SIGN_STYLE = Automatic;
				CURRENT_PROJECT_VERSION = 1;
				DEVELOPMENT_TEAM = YFWL4NVW8K;
				GENERATE_INFOPLIST_FILE = YES;
				MARKETING_VERSION = 1.0;
				PRODUCT_BUNDLE_IDENTIFIER = flarevix.UberSwiftUICloneUITests;
				PRODUCT_NAME = "$(TARGET_NAME)";
				SWIFT_EMIT_LOC_STRINGS = NO;
				SWIFT_VERSION = 5.0;
				TARGETED_DEVICE_FAMILY = "1,2";
				TEST_TARGET_NAME = UberSwiftUIClone;
			};
			name = Debug;
		};
		ABBC08AC2EBCE85D006B769B /* Release */ = {
			isa = XCBuildConfiguration;
			buildSettings = {
				CODE_SIGN_STYLE = Automatic;
				CURRENT_PROJECT_VERSION = 1;
				DEVELOPMENT_TEAM = YFWL4NVW8K;
				GENERATE_INFOPLIST_FILE = YES;
				MARKETING_VERSION = 1.0;
				PRODUCT_BUNDLE_IDENTIFIER = flarevix.UberSwiftUICloneUITests;
				PRODUCT_NAME = "$(TARGET_NAME)";
				SWIFT_EMIT_LOC_STRINGS = NO;
				SWIFT_VERSION = 5.0;
				TARGETED_DEVICE_FAMILY = "1,2";
				TEST_TARGET_NAME = UberSwiftUIClone;
			};
			name = Release;
		};
/* End XCBuildConfiguration section */

/* Begin XCConfigurationList section */
		ABBC087B2EBCE85B006B769B /* Build configuration list for PBXProject "UberSwiftUIClone" */ = {
			isa = XCConfigurationList;
			buildConfigurations = (
				ABBC08A22EBCE85D006B769B /* Debug */,
				ABBC08A32EBCE85D006B769B /* Release */,
			);
			defaultConfigurationIsVisible = 0;
			defaultConfigurationName = Release;
		};
		ABBC08A42EBCE85D006B769B /* Build configuration list for PBXNativeTarget "UberSwiftUIClone" */ = {
			isa = XCConfigurationList;
			buildConfigurations = (
				ABBC08A52EBCE85D006B769B /* Debug */,
				ABBC08A62EBCE85D006B769B /* Release */,
			);
			defaultConfigurationIsVisible = 0;
			defaultConfigurationName = Release;
		};
		ABBC08A72EBCE85D006B769B /* Build configuration list for PBXNativeTarget "UberSwiftUICloneTests" */ = {
			isa = XCConfigurationList;
			buildConfigurations = (
				ABBC08A82EBCE85D006B769B /* Debug */,
				ABBC08A92EBCE85D006B769B /* Release */,
			);
			defaultConfigurationIsVisible = 0;
			defaultConfigurationName = Release;
		};
		ABBC08AA2EBCE85D006B769B /* Build configuration list for PBXNativeTarget "UberSwiftUICloneUITests" */ = {
			isa = XCConfigurationList;
			buildConfigurations = (
				ABBC08AB2EBCE85D006B769B /* Debug */,
				ABBC08AC2EBCE85D006B769B /* Release */,
			);
			defaultConfigurationIsVisible = 0;
			defaultConfigurationName = Release;
		};
/* End XCConfigurationList section */
	};
	rootObject = ABBC08782EBCE85B006B769B /* Project object */;
}
